{
  "projects": [
    {
      "projectId": "tTqxxSNNPLamhhbvK9V5UT",
      "version": "latest",
      "dependencies": {
        "caTPwKxj5ZrD9LQ7DMdK4Z": "3.33.0",
        "ohDidvG9XsCeFumugENU3J": "6.18.0"
      },
      "lang": "js",
      "fileLocks": [
        {
          "type": "globalVariant",
          "assetId": "hXFVib0keY9u",
          "checksum": "e534ee2dd4638353e1edeb737c6babf6"
        },
        {
          "type": "renderModule",
          "assetId": "PalHc3wV2s29",
          "checksum": "6c84401ce08960679e12af0860b2f207"
        },
        {
          "type": "cssRules",
          "assetId": "PalHc3wV2s29",
          "checksum": "6c84401ce08960679e12af0860b2f207"
        },
        {
          "type": "renderModule",
          "assetId": "eaK0I-WEquua",
          "checksum": "85d5a2d712ad5b3d022ce7da96b13dd0"
        },
        {
          "type": "cssRules",
          "assetId": "eaK0I-WEquua",
          "checksum": "85d5a2d712ad5b3d022ce7da96b13dd0"
        },
        {
          "type": "renderModule",
          "assetId": "8XH6WBEcDkWr",
          "checksum": "94b6ae1f589bc3eb4ee76e4ecf326406"
        },
        {
          "type": "cssRules",
          "assetId": "8XH6WBEcDkWr",
          "checksum": "94b6ae1f589bc3eb4ee76e4ecf326406"
        },
        {
          "type": "renderModule",
          "assetId": "c7_nsHlFJRh2",
          "checksum": "89c3f0df004196fee887fe002de29d4d"
        },
        {
          "type": "cssRules",
          "assetId": "c7_nsHlFJRh2",
          "checksum": "89c3f0df004196fee887fe002de29d4d"
        },
        {
          "type": "renderModule",
          "assetId": "sddCOJO2o3gS",
          "checksum": "835d9b3896cb20aa98551b515ab58ea0"
        },
        {
          "type": "cssRules",
          "assetId": "sddCOJO2o3gS",
          "checksum": "835d9b3896cb20aa98551b515ab58ea0"
        },
        {
          "type": "renderModule",
          "assetId": "_BtuFHcHTIyx",
          "checksum": "41aca2d275485d85ba60d8aac659fbf5"
        },
        {
          "type": "cssRules",
          "assetId": "_BtuFHcHTIyx",
          "checksum": "41aca2d275485d85ba60d8aac659fbf5"
        },
        {
          "type": "renderModule",
          "assetId": "uefg53028Z13",
          "checksum": "2021dc86abb03813f13c631bdaae8d3a"
        },
        {
          "type": "cssRules",
          "assetId": "uefg53028Z13",
          "checksum": "2021dc86abb03813f13c631bdaae8d3a"
        },
        {
          "type": "renderModule",
          "assetId": "wjmOjqan__3Z",
          "checksum": "ffec602a73d4425045e6c69e7502a185"
        },
        {
          "type": "cssRules",
          "assetId": "wjmOjqan__3Z",
          "checksum": "ffec602a73d4425045e6c69e7502a185"
        },
        {
          "type": "renderModule",
          "assetId": "xz3WgIe7k7el",
          "checksum": "c99d326578e2a02134a69274113cea49"
        },
        {
          "type": "cssRules",
          "assetId": "xz3WgIe7k7el",
          "checksum": "c99d326578e2a02134a69274113cea49"
        },
        {
          "type": "renderModule",
          "assetId": "aFdpj-meEvBJ",
          "checksum": "2deb8c7d63e7b78d75875984fa2f8cb9"
        },
        {
          "type": "cssRules",
          "assetId": "aFdpj-meEvBJ",
          "checksum": "2deb8c7d63e7b78d75875984fa2f8cb9"
        },
        {
          "type": "renderModule",
          "assetId": "l2pJeXquhqW8",
          "checksum": "6dc1af7a27dec86edc8a76e5a977f508"
        },
        {
          "type": "cssRules",
          "assetId": "l2pJeXquhqW8",
          "checksum": "6dc1af7a27dec86edc8a76e5a977f508"
        },
        {
          "type": "renderModule",
          "assetId": "Aj33d4hO6_qo",
          "checksum": "3a69706ffb5b2b6039500f49b8b84a0d"
        },
        {
          "type": "cssRules",
          "assetId": "Aj33d4hO6_qo",
          "checksum": "3a69706ffb5b2b6039500f49b8b84a0d"
        },
        {
          "type": "renderModule",
          "assetId": "Ve0ERJ_4OnFN",
          "checksum": "13ab3095bdd9a20cd6637f93e21a6e69"
        },
        {
          "type": "cssRules",
          "assetId": "Ve0ERJ_4OnFN",
          "checksum": "13ab3095bdd9a20cd6637f93e21a6e69"
        },
        {
          "type": "icon",
          "assetId": "rb2l_odzu479",
          "checksum": "64cda2597b78f962a3f9180e495e09c0"
        },
        {
          "type": "icon",
          "assetId": "f6AOiZAZQKvM",
          "checksum": "f81801173cff778994f0b34fb8cf6f79"
        },
        {
          "type": "icon",
          "assetId": "QYDxFAAkDV29",
          "checksum": "7f02140906286d1f0fbf624a04b10a5b"
        },
        {
          "type": "icon",
          "assetId": "1S29jHTgky53",
          "checksum": "672b58891a039d5812f849aaaf8ef746"
        },
        {
          "type": "icon",
          "assetId": "qOXpUFNAULBU",
          "checksum": "d29c0b0970a98597eaaaa333b0688187"
        },
        {
          "type": "icon",
          "assetId": "BrWW4NsZns9k",
          "checksum": "ff256f543e70ce0783e83c850b971c7d"
        },
        {
          "type": "icon",
          "assetId": "V-JiRU5uXDCg",
          "checksum": "b90466b45cbc40e0a2d01e2c9294c83d"
        },
        {
          "type": "icon",
          "assetId": "q6Gwo3C3kEsI",
          "checksum": "6ae3a0c2127b9af9451e4f954f1b42df"
        },
        {
          "type": "icon",
          "assetId": "UKDyGjDzmgXy",
          "checksum": "44a39c91256bb6c6e28a71aea1e3b903"
        },
        {
          "type": "icon",
          "assetId": "iOWdtjEbitop",
          "checksum": "b77f6a22cfdb95c938e8a0ce634404fc"
        },
        {
          "type": "icon",
          "assetId": "rbKsyDAAD6wv",
          "checksum": "a6391e6cb383a22de4f861609304f8ff"
        },
        {
          "type": "icon",
          "assetId": "WWqicMcIQZr0",
          "checksum": "6e71872554eb8c77f0175abaec654466"
        },
        {
          "type": "icon",
          "assetId": "G7Jd26NQQyoC",
          "checksum": "80a17dd620ac27e9b614776e9f5359a9"
        },
        {
          "type": "icon",
          "assetId": "NUtJwTQ5k2lU",
          "checksum": "6bdba56422ef71da2b249f828f836448"
        },
        {
          "type": "icon",
          "assetId": "vJn-2SEIMEul",
          "checksum": "b7d2c75a6da32e88bb6f079a1af9d0c9"
        },
        {
          "type": "icon",
          "assetId": "KyiKq2CzaX8K",
          "checksum": "fef73b532633f6fadbdde6e8788eacc1"
        },
        {
          "type": "icon",
          "assetId": "SNOqe0Rjldjp",
          "checksum": "ed46bee5694c0d3435e0eaa79b674a79"
        },
        {
          "type": "icon",
          "assetId": "aAlBRu9VwBHA",
          "checksum": "fd3159157f39c53cd29263798bb82bac"
        },
        {
          "type": "icon",
          "assetId": "LbUojhXTY-hR",
          "checksum": "b24bd075598c86f73c118b4982db8c6c"
        },
        {
          "type": "image",
          "assetId": "ZEkP4TahCG0m",
          "checksum": "28e0f3abcddce979ed6c7bb843396687"
        },
        {
          "type": "image",
          "assetId": "9mktpC0ixEBn",
          "checksum": "8346845244e24dd5c21532bf1f0293e5"
        },
        {
          "type": "image",
          "assetId": "7TuyA5NbEbRW",
          "checksum": "060e6d8c4a71842fa8a234e8158dc88a"
        },
        {
          "type": "image",
          "assetId": "Ypnt23d9Taef",
          "checksum": "11106b931e11d2e1f52c3277ba100acc"
        },
        {
          "type": "image",
          "assetId": "bVDb8ZfcPP8n",
          "checksum": "2674e71137238284b7d6806f27055927"
        },
        {
          "type": "image",
          "assetId": "OMbwQuqeoMyi",
          "checksum": "f2f8ecdb3aec24f001a776a9ca56fcc1"
        },
        {
          "type": "image",
          "assetId": "CKsRbTIr3Kdw",
          "checksum": "f0c5da0e3d409dde7c7896ed68cd9d3d"
        },
        {
          "type": "image",
          "assetId": "v3xBQ6alLAlJ",
          "checksum": "b5a3053bf2c58e93e79fc0cfb65f2777"
        },
        {
          "type": "image",
          "assetId": "CyI6geJSved6",
          "checksum": "ca81080dce7b8d2a2a9f4b13616b2617"
        },
        {
          "type": "image",
          "assetId": "vaEXenfPBhfs",
          "checksum": "0482cc72ed12b35e04c4f56951a571ed"
        },
        {
          "type": "image",
          "assetId": "TuYSqd3VHkXk",
          "checksum": "22f76c435bee5c137388524cbb6c023e"
        },
        {
          "type": "image",
          "assetId": "b7Ycr3kwCPbg",
          "checksum": "7c43537d13b5700c301d94c4a2254950"
        },
        {
          "type": "image",
          "assetId": "68dIONvkHB3c",
          "checksum": "810349cee72064a250b8e0a3137f912d"
        },
        {
          "type": "image",
          "assetId": "Vhjk-GevdyBl",
          "checksum": "9d0eda4e7d83ac3d56edb7a0a0cd26ee"
        },
        {
          "type": "image",
          "assetId": "sd84kloBt5X7",
          "checksum": "7c78d41e85361c1efd8666557e8b7a5b"
        },
        {
          "type": "image",
          "assetId": "-JggpNDqhZmP",
          "checksum": "f35183fe0b5f55340e90395e326df841"
        },
        {
          "type": "image",
          "assetId": "aLMddn-QC6-x",
          "checksum": "505eda59d91d69a704866c253a400e09"
        },
        {
          "type": "image",
          "assetId": "DHjF9yRAfz2q",
          "checksum": "ea138a777a1fbbd2674c4004b53a35e3"
        },
        {
          "type": "image",
          "assetId": "NwXkNTMcOBFH",
          "checksum": "fb28d4ad0f467049250c5794351467ae"
        },
        {
          "type": "image",
          "assetId": "r0SC5wWci5kw",
          "checksum": "12df641486bb369fd12d38cf367a36d8"
        },
        {
          "type": "image",
          "assetId": "9UhE8v-CTWpP",
          "checksum": "51e3b6ad70ee5a11131722be8cbbbd80"
        },
        {
          "type": "image",
          "assetId": "LDxm1H4YXQ_8",
          "checksum": "0c59ffcaa2ee852e7018ebed4aed4141"
        },
        {
          "type": "image",
          "assetId": "pGqwq2UweSPe",
          "checksum": "53a66eb4c00793fe19a607ec13d1a5ea"
        },
        {
          "type": "image",
          "assetId": "e6ou1egt6rfT",
          "checksum": "1fefef55929f0b5c51756bde6a29462e"
        },
        {
          "type": "image",
          "assetId": "lbDAqDVOF_CN",
          "checksum": "09c58743c727ed6ddeef6217a6c1779f"
        },
        {
          "type": "image",
          "assetId": "NJCl6Td5uRrP",
          "checksum": "fdc136d59cc9c30ec90110566e34838b"
        },
        {
          "type": "image",
          "assetId": "0rHududdFUqM",
          "checksum": "0a2cd633c5c5ac0fcac9a6990822d15c"
        },
        {
          "type": "image",
          "assetId": "9eEzsb8vdd_J",
          "checksum": "4f5fbc6f7923fed6650ca9f83d3c8eec"
        },
        {
          "type": "image",
          "assetId": "tVq7yyg3X0i6",
          "checksum": "04f1a2dba56abb52b6fe9274a09fa0f0"
        },
        {
          "type": "image",
          "assetId": "TqK6RcAv6FIO",
          "checksum": "cd53e3071396ef513c904f13d5f95fba"
        },
        {
          "type": "image",
          "assetId": "Hi099EbgN8no",
          "checksum": "5bbd3857f4011cd808aaf718778fbd1c"
        },
        {
          "type": "image",
          "assetId": "MTjZ4S0tVUYR",
          "checksum": "e67704d3b9fb39c7f7ad33623e5aa7fc"
        },
        {
          "type": "image",
          "assetId": "6xLfv2PTkZWz",
          "checksum": "8e44341dca83ba82be80ee4af69bba3f"
        },
        {
          "type": "image",
          "assetId": "25sRWmvZlBay",
          "checksum": "b9d2f614fa1b978dda46b4db66fa162f"
        },
        {
          "type": "image",
          "assetId": "giEz_P5Bdwk6",
          "checksum": "0f573bf1a953e95fffe1f00f3dbfeb76"
        },
        {
          "type": "image",
          "assetId": "Rlo2wd0IHb1J",
          "checksum": "aa57399cc5e4558d1a19a9a5f60c623e"
        },
        {
          "type": "image",
          "assetId": "qaqcdTwd837-",
          "checksum": "c51e2cc27d1dcc8c1b0b6c9988c3ae00"
        },
        {
          "type": "image",
          "assetId": "YxW8-E9JKpZ5",
          "checksum": "609e1c9104437100f40fb94a23defa04"
        },
        {
          "type": "image",
          "assetId": "xgp11Flt86YG",
          "checksum": "a5d8572ab2f1acfa20389bdce96ced09"
        },
        {
          "type": "image",
          "assetId": "KqBM-0nM6r3w",
          "checksum": "9ff11f915ed12aec25ec70e97f9aa350"
        },
        {
          "type": "image",
          "assetId": "QGNgzHxiWFVu",
          "checksum": "2e622d3cb1c71648cac6f879aa72b974"
        },
        {
          "type": "image",
          "assetId": "tI7OSFE0d-3G",
          "checksum": "44f6d9c3b46490355623788bc747da02"
        },
        {
          "type": "image",
          "assetId": "14N7Dn1NDp3o",
          "checksum": "53af148133ef63496f42439ca8b055c6"
        },
        {
          "type": "image",
          "assetId": "l1qSMyHJMSw6",
          "checksum": "fcc0a3de5192614ba2caeee811173894"
        },
        {
          "type": "image",
          "assetId": "KdIHxmc_rpi2",
          "checksum": "df19b8d81c3a010c3a35a5b5bba80991"
        },
        {
          "type": "image",
          "assetId": "a6mgdP-fzgpc",
          "checksum": "3b509163583730fd86fa2c882cd4b87d"
        },
        {
          "type": "image",
          "assetId": "YRqljEvWYSIZ",
          "checksum": "67170833011bcd1701f98adcc84cad95"
        },
        {
          "type": "image",
          "assetId": "2NensMt_2KjE",
          "checksum": "4bc28ad41c672cda4669a79159bcb887"
        },
        {
          "type": "image",
          "assetId": "H0rSzuxh7Dwc",
          "checksum": "3057dbee69fc620482af82ca55d1379f"
        },
        {
          "type": "image",
          "assetId": "yeYmm5-LwMlr",
          "checksum": "e248b666944cdb0f222158e4e96a5735"
        },
        {
          "type": "image",
          "assetId": "FkrUm0uWL-Ci",
          "checksum": "83e8b9af685e63794c57a3755181a75c"
        },
        {
          "type": "image",
          "assetId": "9d6Ozv84gtBG",
          "checksum": "a2875f32da27ad032ace3a9c47a58469"
        },
        {
          "type": "image",
          "assetId": "u6X_7HnSbS55",
          "checksum": "e420b9995eb89563fa058d02afe905d8"
        },
        {
          "type": "image",
          "assetId": "Il75jMQERkld",
          "checksum": "349997e9a9daaafee2a34e0f208a8fe3"
        },
        {
          "type": "image",
          "assetId": "4s_IsyQl2qr4",
          "checksum": "41aec8074239adadd25a05e3982bf8ad"
        },
        {
          "type": "image",
          "assetId": "uOqq8vh-R25T",
          "checksum": "6187d0146b590376f089abc5bb0a1e35"
        },
        {
          "type": "image",
          "assetId": "CAszMz1HHwHb",
          "checksum": "e3775a5c415fdad8bc39a5ab0f4cf5e7"
        },
        {
          "type": "image",
          "assetId": "4eIQRJipTamE",
          "checksum": "0b847b9adfa3bb9712ac9cc59d6f55ce"
        },
        {
          "type": "image",
          "assetId": "mhtbnpzvGPNi",
          "checksum": "08f27f14f3618a2e7a4ea24dcdf4fe83"
        },
        {
          "type": "image",
          "assetId": "3-q-0Op1yMw6",
          "checksum": "8ac085bfab44e7008b1a6e3f6213c76e"
        },
        {
          "type": "image",
          "assetId": "ZjfEMmmqdIeu",
          "checksum": "e4ffda9e0dfc4648ec96107e99de5590"
        },
        {
          "type": "image",
          "assetId": "tBFi5xkVZz3X",
          "checksum": "f867014d73a89c9f16467e7e9f889bd9"
        },
        {
          "assetId": "tTqxxSNNPLamhhbvK9V5UT",
          "type": "projectCss",
          "checksum": "af00cff2d842c7c12c04f20a3a8e5427"
        },
        {
          "assetId": "tTqxxSNNPLamhhbvK9V5UT",
          "checksum": "5c905b5094945b6eca9afa84616dbd6d",
          "type": "globalContexts"
        },
        {
          "type": "icon",
          "assetId": "1PfW3lwy_h2-",
          "checksum": "7d94031393d067eb4a38b86dc25c3006"
        }
      ],
      "codegenVersion": "0.0.1"
    },
    {
      "projectId": "ohDidvG9XsCeFumugENU3J",
      "version": "6.18.0",
      "dependencies": {},
      "lang": "js",
      "fileLocks": [
        {
          "assetId": "ohDidvG9XsCeFumugENU3J",
          "type": "projectCss",
          "checksum": "fd83b730367fdbde2c69bc6cf31c2a3c"
        },
        {
          "assetId": "ohDidvG9XsCeFumugENU3J",
          "checksum": "de0a0e65174a6a185a8f822af51c6bdd",
          "type": "globalContexts"
        }
      ],
      "codegenVersion": "0.0.1"
    },
    {
      "projectId": "caTPwKxj5ZrD9LQ7DMdK4Z",
      "version": "3.33.0",
      "dependencies": {},
      "lang": "js",
      "fileLocks": [
        {
          "assetId": "caTPwKxj5ZrD9LQ7DMdK4Z",
          "type": "projectCss",
          "checksum": "e1ec850476829c38b0f9b6d4f7ac446a"
        }
      ],
      "codegenVersion": "0.0.1"
    }
  ],
  "cliVersion": "0.1.323"
}
